
Microsoft Visual Studio Solution File, Format Version 12.00
# Visual Studio 15
VisualStudioVersion = 15.0.28307.421
MinimumVisualStudioVersion = 10.0.40219.1
Project("{9A19103F-16F7-4668-BE54-9A1E7A4F7556}") = "Heroes", "Heroes.csproj", "{AA2D9448-C326-4F43-A2C1-60F74566AB63}"
EndProject
Global
	GlobalSection(SolutionConfigurationPlatforms) = preSolution
		Debug|Any CPU = Debug|Any CPU
		Release|Any CPU = Release|Any CPU
	EndGlobalSection
	GlobalSection(ProjectConfigurationPlatforms) = postSolution
		{AA2D9448-C326-4F43-A2C1-60F74566AB63}.Debug|Any CPU.ActiveCfg = Debug|Any CPU
		{AA2D9448-C326-4F43-A2C1-60F74566AB63}.Debug|Any CPU.Build.0 = Debug|Any CPU
		{AA2D9448-C326-4F43-A2C1-60F74566AB63}.Release|Any CPU.ActiveCfg = Release|Any CPU
		{AA2D9448-C326-4F43-A2C1-60F74566AB63}.Release|Any CPU.Build.0 = Release|Any CPU
	EndGlobalSection
	GlobalSection(SolutionProperties) = preSolution
		HideSolutionNode = FALSE
	EndGlobalSection
	GlobalSection(ExtensibilityGlobals) = postSolution
		SolutionGuid = {8E637CDF-0730-478A-890B-BFF7B143863D}
	EndGlobalSection
EndGlobal
